
Microsoft Visual Studio Solution File, Format Version 12.00
# Visual Studio Version 16
VisualStudioVersion = 16.0.29519.161
MinimumVisualStudioVersion = 10.0.40219.1
Project("{9344BDBB-3E7F-41FC-A0DD-8665D75EE146}") = "_Placeholder_.XamarinAndroid.Maven.Bindings", "_Placeholder_.XamarinAndroid.Maven.Bindings\_Placeholder_.XamarinAndroid.Maven.Bindings.csproj", "{7FDAA16F-F1B4-4183-A46F-D2627A8DF422}"
EndProject
Project("{FAE04EC0-301F-11D3-BF4B-00C04F79EFBC}") = "HolisticWare.DotNetNew.XamarinAndroid.Maven.Bindings.MsBuild.Tasks.Custom", "HolisticWare.DotNetNew.XamarinAndroid.Maven.Bindings.MsBuild.Tasks.Custom\HolisticWare.DotNetNew.XamarinAndroid.Maven.Bindings.MsBuild.Tasks.Custom.csproj", "{BF45B81A-BA34-45A3-A5C8-5AC2F92CD26D}"
EndProject
Global
	GlobalSection(SolutionConfigurationPlatforms) = preSolution
		Debug|Any CPU = Debug|Any CPU
		Release|Any CPU = Release|Any CPU
	EndGlobalSection
	GlobalSection(ProjectConfigurationPlatforms) = postSolution
		{7FDAA16F-F1B4-4183-A46F-D2627A8DF422}.Debug|Any CPU.ActiveCfg = Debug|Any CPU
		{7FDAA16F-F1B4-4183-A46F-D2627A8DF422}.Debug|Any CPU.Build.0 = Debug|Any CPU
		{7FDAA16F-F1B4-4183-A46F-D2627A8DF422}.Release|Any CPU.ActiveCfg = Release|Any CPU
		{7FDAA16F-F1B4-4183-A46F-D2627A8DF422}.Release|Any CPU.Build.0 = Release|Any CPU
		{BF45B81A-BA34-45A3-A5C8-5AC2F92CD26D}.Debug|Any CPU.ActiveCfg = Debug|Any CPU
		{BF45B81A-BA34-45A3-A5C8-5AC2F92CD26D}.Debug|Any CPU.Build.0 = Debug|Any CPU
		{BF45B81A-BA34-45A3-A5C8-5AC2F92CD26D}.Release|Any CPU.ActiveCfg = Release|Any CPU
		{BF45B81A-BA34-45A3-A5C8-5AC2F92CD26D}.Release|Any CPU.Build.0 = Release|Any CPU
	EndGlobalSection
EndGlobal
